
Microsoft Visual Studio Solution File, Format Version 12.00
# Visual Studio Version 16
VisualStudioVersion = 16.0.33423.256
MinimumVisualStudioVersion = 10.0.40219.1
Project("{FAE04EC0-301F-11D3-BF4B-00C04F79EFBC}") = "calculadoraPrestamo", "calculadoraPrestamo\calculadoraPrestamo.csproj", "{0068DFEA-5B96-4B53-833B-0155D7C64A95}"
EndProject
Global
	GlobalSection(SolutionConfigurationPlatforms) = preSolution
		Debug|Any CPU = Debug|Any CPU
		Release|Any CPU = Release|Any CPU
	EndGlobalSection
	GlobalSection(ProjectConfigurationPlatforms) = postSolution
		{0068DFEA-5B96-4B53-833B-0155D7C64A95}.Debug|Any CPU.ActiveCfg = Debug|Any CPU
		{0068DFEA-5B96-4B53-833B-0155D7C64A95}.Debug|Any CPU.Build.0 = Debug|Any CPU
		{0068DFEA-5B96-4B53-833B-0155D7C64A95}.Release|Any CPU.ActiveCfg = Release|Any CPU
		{0068DFEA-5B96-4B53-833B-0155D7C64A95}.Release|Any CPU.Build.0 = Release|Any CPU
	EndGlobalSection
	GlobalSection(SolutionProperties) = preSolution
		HideSolutionNode = FALSE
	EndGlobalSection
	GlobalSection(ExtensibilityGlobals) = postSolution
		SolutionGuid = {73DB08AE-D6C8-40D9-AC34-6F71B1230D7C}
	EndGlobalSection
EndGlobal
